filippo.io/edwards25519 v1.1.0 h1:FNf4tywRC1HmFuKW5xopWpigGjJKiJSV0Cqo0cJWDaA=
filippo.io/edwards25519 v1.1.0/go.mod h1:BxyFTGdWcka3PhytdK4V28tE5sGfRvvvRV7EaN4VDT4=
github.com/ZacharyDuve/apireg v0.2.0 h1:g8Qo35ie5W3Khuw6lo+coUZWFlyjNiP8Jb9Ho0U/9HU=
github.com/ZacharyDuve/apireg v0.2.0/go.mod h1:+LNLayyUva3d3TEma9AHJx6tbAX78e/7tZWfUujS9k4=
github.com/go-sql-driver/mysql v1.8.1 h1:LedoTUt/eveggdHS9qUFC1EFSa8bU2+1pZjSRpvNJ1Y=
github.com/go-sql-driver/mysql v1.8.1/go.mod h1:wEBSXgmK//2ZFJyE+qWnIsVGmvmEKlqwuVSjsCm7DZg=
github.com/google/uuid v1.6.0 h1:NIvaJDMOsjHA8n1jAhLSgzrAzy1Hgr+hNrb57e+94F0=
github.com/google/uuid v1.6.0/go.mod h1:TIyPZe4MgqvfeYDBFedMoGGpEw/LqOeaOT+nhxU+yHo=
github.com/hashicorp/go-set/v3 v3.0.0 h1:CaJBQvQCOWoftrBcDt7Nwgo0kdpmrKxar/x2o6pV9JA=
github.com/hashicorp/go-set/v3 v3.0.0/go.mod h1:IEghM2MpE5IaNvL+D7X480dfNtxjRXZ6VMpK3C8s2ok=
